
Microsoft Visual Studio Solution File, Format Version 12.00
# Visual Studio Version 17
VisualStudioVersion = 17.11.35327.3
MinimumVisualStudioVersion = 10.0.40219.1
Project("{9A19103F-16F7-4668-BE54-9A1E7A4F7556}") = "Microservice.ApiGateway", "Microservice.ApiGateway\Microservice.ApiGateway.csproj", "{3B7B07B7-F05C-40E5-81A8-781CCA1D3AB1}"
EndProject
Project("{2150E333-8FDC-42A3-9474-1A3956D46DE8}") = "src", "src", "{0B2AFDF2-304A-4DCC-AC2B-6E9952A64B8C}"
	ProjectSection(SolutionItems) = preProject
		README.md = README.md
	EndProjectSection
EndProject
Project("{2150E333-8FDC-42A3-9474-1A3956D46DE8}") = "Services", "Services", "{6B157BD9-8241-4227-A0D0-6F1199174F6A}"
EndProject
Project("{9A19103F-16F7-4668-BE54-9A1E7A4F7556}") = "Product.Service", "Product.Service\Product.Service.csproj", "{AE7B70F2-A8C5-40FB-8BE0-2E19648F4BA8}"
EndProject
Project("{9A19103F-16F7-4668-BE54-9A1E7A4F7556}") = "Order.Service", "Order.Service\Order.Service.csproj", "{F37C1EBF-3332-42EF-ADB6-D6A953E11C17}"
EndProject
Project("{2150E333-8FDC-42A3-9474-1A3956D46DE8}") = "Shared", "Shared", "{90503F72-CA61-4C76-9FBB-CC46ACF52EE4}"
EndProject
Project("{9A19103F-16F7-4668-BE54-9A1E7A4F7556}") = "Shared.Service", "Shared.Protos\Shared.Service.csproj", "{124757E1-2E9A-4394-BC48-FCE7EB1E4A31}"
EndProject
Project("{FAE04EC0-301F-11D3-BF4B-00C04F79EFBC}") = "Notification.Service", "Notification.Service\Notification.Service.csproj", "{D6C81E11-1E54-4529-B0AB-D4A1B54AA1E0}"
EndProject
Global
	GlobalSection(SolutionConfigurationPlatforms) = preSolution
		Debug|Any CPU = Debug|Any CPU
		Release|Any CPU = Release|Any CPU
	EndGlobalSection
	GlobalSection(ProjectConfigurationPlatforms) = postSolution
		{3B7B07B7-F05C-40E5-81A8-781CCA1D3AB1}.Debug|Any CPU.ActiveCfg = Debug|Any CPU
		{3B7B07B7-F05C-40E5-81A8-781CCA1D3AB1}.Debug|Any CPU.Build.0 = Debug|Any CPU
		{3B7B07B7-F05C-40E5-81A8-781CCA1D3AB1}.Release|Any CPU.ActiveCfg = Release|Any CPU
		{3B7B07B7-F05C-40E5-81A8-781CCA1D3AB1}.Release|Any CPU.Build.0 = Release|Any CPU
		{AE7B70F2-A8C5-40FB-8BE0-2E19648F4BA8}.Debug|Any CPU.ActiveCfg = Debug|Any CPU
		{AE7B70F2-A8C5-40FB-8BE0-2E19648F4BA8}.Debug|Any CPU.Build.0 = Debug|Any CPU
		{AE7B70F2-A8C5-40FB-8BE0-2E19648F4BA8}.Release|Any CPU.ActiveCfg = Release|Any CPU
		{AE7B70F2-A8C5-40FB-8BE0-2E19648F4BA8}.Release|Any CPU.Build.0 = Release|Any CPU
		{F37C1EBF-3332-42EF-ADB6-D6A953E11C17}.Debug|Any CPU.ActiveCfg = Debug|Any CPU
		{F37C1EBF-3332-42EF-ADB6-D6A953E11C17}.Debug|Any CPU.Build.0 = Debug|Any CPU
		{F37C1EBF-3332-42EF-ADB6-D6A953E11C17}.Release|Any CPU.ActiveCfg = Release|Any CPU
		{F37C1EBF-3332-42EF-ADB6-D6A953E11C17}.Release|Any CPU.Build.0 = Release|Any CPU
		{124757E1-2E9A-4394-BC48-FCE7EB1E4A31}.Debug|Any CPU.ActiveCfg = Debug|Any CPU
		{124757E1-2E9A-4394-BC48-FCE7EB1E4A31}.Debug|Any CPU.Build.0 = Debug|Any CPU
		{124757E1-2E9A-4394-BC48-FCE7EB1E4A31}.Release|Any CPU.ActiveCfg = Release|Any CPU
		{124757E1-2E9A-4394-BC48-FCE7EB1E4A31}.Release|Any CPU.Build.0 = Release|Any CPU
		{D6C81E11-1E54-4529-B0AB-D4A1B54AA1E0}.Debug|Any CPU.ActiveCfg = Debug|Any CPU
		{D6C81E11-1E54-4529-B0AB-D4A1B54AA1E0}.Debug|Any CPU.Build.0 = Debug|Any CPU
		{D6C81E11-1E54-4529-B0AB-D4A1B54AA1E0}.Release|Any CPU.ActiveCfg = Release|Any CPU
		{D6C81E11-1E54-4529-B0AB-D4A1B54AA1E0}.Release|Any CPU.Build.0 = Release|Any CPU
	EndGlobalSection
	GlobalSection(SolutionProperties) = preSolution
		HideSolutionNode = FALSE
	EndGlobalSection
	GlobalSection(NestedProjects) = preSolution
		{3B7B07B7-F05C-40E5-81A8-781CCA1D3AB1} = {0B2AFDF2-304A-4DCC-AC2B-6E9952A64B8C}
		{6B157BD9-8241-4227-A0D0-6F1199174F6A} = {0B2AFDF2-304A-4DCC-AC2B-6E9952A64B8C}
		{AE7B70F2-A8C5-40FB-8BE0-2E19648F4BA8} = {6B157BD9-8241-4227-A0D0-6F1199174F6A}
		{F37C1EBF-3332-42EF-ADB6-D6A953E11C17} = {6B157BD9-8241-4227-A0D0-6F1199174F6A}
		{90503F72-CA61-4C76-9FBB-CC46ACF52EE4} = {0B2AFDF2-304A-4DCC-AC2B-6E9952A64B8C}
		{124757E1-2E9A-4394-BC48-FCE7EB1E4A31} = {90503F72-CA61-4C76-9FBB-CC46ACF52EE4}
		{D6C81E11-1E54-4529-B0AB-D4A1B54AA1E0} = {6B157BD9-8241-4227-A0D0-6F1199174F6A}
	EndGlobalSection
	GlobalSection(ExtensibilityGlobals) = postSolution
		SolutionGuid = {E91E042E-E709-4BD6-89C3-A0341316884E}
	EndGlobalSection
EndGlobal
